
Microsoft Visual Studio Solution File, Format Version 12.00
# Visual Studio 15
VisualStudioVersion = 15.0.26124.0
MinimumVisualStudioVersion = 15.0.26124.0
Project("{FAE04EC0-301F-11D3-BF4B-00C04F79EFBC}") = "Zanis.Ostad.Web", "Zanis.Ostad.Web\Zanis.Ostad.Web.csproj", "{5E256D97-FCA3-432E-B371-883E794B3FF1}"
EndProject
Project("{2150E333-8FDC-42A3-9474-1A3956D46DE8}") = "Presentaion", "Presentaion", "{7C34B81E-EE74-4B48-9793-A16AC74D2FCF}"
EndProject
Project("{2150E333-8FDC-42A3-9474-1A3956D46DE8}") = "Infrastracture", "Infrastracture", "{F08CD987-67E6-4CE8-82FD-5B730D57C2A5}"
EndProject
Project("{2150E333-8FDC-42A3-9474-1A3956D46DE8}") = "Application", "Application", "{2DAAED95-B7AB-4279-B2CC-4E59E332B35E}"
EndProject
Project("{FAE04EC0-301F-11D3-BF4B-00C04F79EFBC}") = "Zanis.Ostad.Repository", "Zanis.Ostad.Repository\Zanis.Ostad.Repository.csproj", "{F85F188B-8066-404F-8B0F-C5676141859E}"
EndProject
Project("{FAE04EC0-301F-11D3-BF4B-00C04F79EFBC}") = "Zanis.Ostad.Core", "Zanis.Ostad.Core\Zanis.Ostad.Core.csproj", "{67E75E5E-62A0-47BB-A60E-1E8827097B56}"
EndProject
Project("{2150E333-8FDC-42A3-9474-1A3956D46DE8}") = "Tests", "Tests", "{7B427CC5-58E5-4948-9FEC-6275780CF7EA}"
EndProject
Project("{FAE04EC0-301F-11D3-BF4B-00C04F79EFBC}") = "Zanis.Ostad.Core.Tests", "Zanis.Ostad.Core.Tests\Zanis.Ostad.Core.Tests.csproj", "{B89F3C6F-ADAA-4AA1-8135-007E04F29885}"
EndProject
Project("{FAE04EC0-301F-11D3-BF4B-00C04F79EFBC}") = "Zains.Ostad.Application", "Zains.Ostad.Application\Zains.Ostad.Application.csproj", "{76F6A171-B139-4A0D-A707-F72A894D35A4}"
EndProject
Project("{FAE04EC0-301F-11D3-BF4B-00C04F79EFBC}") = "Zanis.Ostad.Application.Tests", "Zanis.Ostad.Application.Tests\Zanis.Ostad.Application.Tests.csproj", "{38B59EC7-C6C4-45FC-A772-1016328873FE}"
EndProject
Project("{FAE04EC0-301F-11D3-BF4B-00C04F79EFBC}") = "Zanis.Ostad.Repository.Tests", "Zanis.Ostad.Repository.Tests\Zanis.Ostad.Repository.Tests.csproj", "{0B12B547-E277-4FD7-AEFE-FAA75A7D8090}"
EndProject
Project("{FAE04EC0-301F-11D3-BF4B-00C04F79EFBC}") = "Zanis.Ostad.Payment", "Zanis.Ostad.Payment\Zanis.Ostad.Payment.csproj", "{C4E94827-BAD1-4237-9B67-95D5B2619BB1}"
EndProject
Project("{FAE04EC0-301F-11D3-BF4B-00C04F79EFBC}") = "Zanis.Ostad.Common", "Zanis.Ostad.Common\Zanis.Ostad.Common.csproj", "{19F3ABBE-BAC1-4537-87D8-7CFEB99EE41F}"
EndProject
Project("{FAE04EC0-301F-11D3-BF4B-00C04F79EFBC}") = "Zanis.Ostad.Common.Tests", "Zanis.Ostad.Common.Tests\Zanis.Ostad.Common.Tests.csproj", "{1CA2C5EE-702D-4C87-B800-D9B14E925B10}"
EndProject
Global
	GlobalSection(SolutionConfigurationPlatforms) = preSolution
		Debug|Any CPU = Debug|Any CPU
		Debug|x64 = Debug|x64
		Debug|x86 = Debug|x86
		Release|Any CPU = Release|Any CPU
		Release|x64 = Release|x64
		Release|x86 = Release|x86
	EndGlobalSection
	GlobalSection(SolutionProperties) = preSolution
		HideSolutionNode = FALSE
	EndGlobalSection
	GlobalSection(ProjectConfigurationPlatforms) = postSolution
		{5E256D97-FCA3-432E-B371-883E794B3FF1}.Debug|Any CPU.ActiveCfg = Debug|Any CPU
		{5E256D97-FCA3-432E-B371-883E794B3FF1}.Debug|Any CPU.Build.0 = Debug|Any CPU
		{5E256D97-FCA3-432E-B371-883E794B3FF1}.Debug|x64.ActiveCfg = Debug|Any CPU
		{5E256D97-FCA3-432E-B371-883E794B3FF1}.Debug|x64.Build.0 = Debug|Any CPU
		{5E256D97-FCA3-432E-B371-883E794B3FF1}.Debug|x86.ActiveCfg = Debug|Any CPU
		{5E256D97-FCA3-432E-B371-883E794B3FF1}.Debug|x86.Build.0 = Debug|Any CPU
		{5E256D97-FCA3-432E-B371-883E794B3FF1}.Release|Any CPU.ActiveCfg = Release|Any CPU
		{5E256D97-FCA3-432E-B371-883E794B3FF1}.Release|Any CPU.Build.0 = Release|Any CPU
		{5E256D97-FCA3-432E-B371-883E794B3FF1}.Release|x64.ActiveCfg = Release|Any CPU
		{5E256D97-FCA3-432E-B371-883E794B3FF1}.Release|x64.Build.0 = Release|Any CPU
		{5E256D97-FCA3-432E-B371-883E794B3FF1}.Release|x86.ActiveCfg = Release|Any CPU
		{5E256D97-FCA3-432E-B371-883E794B3FF1}.Release|x86.Build.0 = Release|Any CPU
		{F85F188B-8066-404F-8B0F-C5676141859E}.Debug|Any CPU.ActiveCfg = Debug|Any CPU
		{F85F188B-8066-404F-8B0F-C5676141859E}.Debug|Any CPU.Build.0 = Debug|Any CPU
		{F85F188B-8066-404F-8B0F-C5676141859E}.Debug|x64.ActiveCfg = Debug|Any CPU
		{F85F188B-8066-404F-8B0F-C5676141859E}.Debug|x64.Build.0 = Debug|Any CPU
		{F85F188B-8066-404F-8B0F-C5676141859E}.Debug|x86.ActiveCfg = Debug|Any CPU
		{F85F188B-8066-404F-8B0F-C5676141859E}.Debug|x86.Build.0 = Debug|Any CPU
		{F85F188B-8066-404F-8B0F-C5676141859E}.Release|Any CPU.ActiveCfg = Release|Any CPU
		{F85F188B-8066-404F-8B0F-C5676141859E}.Release|Any CPU.Build.0 = Release|Any CPU
		{F85F188B-8066-404F-8B0F-C5676141859E}.Release|x64.ActiveCfg = Release|Any CPU
		{F85F188B-8066-404F-8B0F-C5676141859E}.Release|x64.Build.0 = Release|Any CPU
		{F85F188B-8066-404F-8B0F-C5676141859E}.Release|x86.ActiveCfg = Release|Any CPU
		{F85F188B-8066-404F-8B0F-C5676141859E}.Release|x86.Build.0 = Release|Any CPU
		{67E75E5E-62A0-47BB-A60E-1E8827097B56}.Debug|Any CPU.ActiveCfg = Debug|Any CPU
		{67E75E5E-62A0-47BB-A60E-1E8827097B56}.Debug|Any CPU.Build.0 = Debug|Any CPU
		{67E75E5E-62A0-47BB-A60E-1E8827097B56}.Debug|x64.ActiveCfg = Debug|Any CPU
		{67E75E5E-62A0-47BB-A60E-1E8827097B56}.Debug|x64.Build.0 = Debug|Any CPU
		{67E75E5E-62A0-47BB-A60E-1E8827097B56}.Debug|x86.ActiveCfg = Debug|Any CPU
		{67E75E5E-62A0-47BB-A60E-1E8827097B56}.Debug|x86.Build.0 = Debug|Any CPU
		{67E75E5E-62A0-47BB-A60E-1E8827097B56}.Release|Any CPU.ActiveCfg = Release|Any CPU
		{67E75E5E-62A0-47BB-A60E-1E8827097B56}.Release|Any CPU.Build.0 = Release|Any CPU
		{67E75E5E-62A0-47BB-A60E-1E8827097B56}.Release|x64.ActiveCfg = Release|Any CPU
		{67E75E5E-62A0-47BB-A60E-1E8827097B56}.Release|x64.Build.0 = Release|Any CPU
		{67E75E5E-62A0-47BB-A60E-1E8827097B56}.Release|x86.ActiveCfg = Release|Any CPU
		{67E75E5E-62A0-47BB-A60E-1E8827097B56}.Release|x86.Build.0 = Release|Any CPU
		{B89F3C6F-ADAA-4AA1-8135-007E04F29885}.Debug|Any CPU.ActiveCfg = Debug|Any CPU
		{B89F3C6F-ADAA-4AA1-8135-007E04F29885}.Debug|Any CPU.Build.0 = Debug|Any CPU
		{B89F3C6F-ADAA-4AA1-8135-007E04F29885}.Debug|x64.ActiveCfg = Debug|Any CPU
		{B89F3C6F-ADAA-4AA1-8135-007E04F29885}.Debug|x64.Build.0 = Debug|Any CPU
		{B89F3C6F-ADAA-4AA1-8135-007E04F29885}.Debug|x86.ActiveCfg = Debug|Any CPU
		{B89F3C6F-ADAA-4AA1-8135-007E04F29885}.Debug|x86.Build.0 = Debug|Any CPU
		{B89F3C6F-ADAA-4AA1-8135-007E04F29885}.Release|Any CPU.ActiveCfg = Release|Any CPU
		{B89F3C6F-ADAA-4AA1-8135-007E04F29885}.Release|Any CPU.Build.0 = Release|Any CPU
		{B89F3C6F-ADAA-4AA1-8135-007E04F29885}.Release|x64.ActiveCfg = Release|Any CPU
		{B89F3C6F-ADAA-4AA1-8135-007E04F29885}.Release|x64.Build.0 = Release|Any CPU
		{B89F3C6F-ADAA-4AA1-8135-007E04F29885}.Release|x86.ActiveCfg = Release|Any CPU
		{B89F3C6F-ADAA-4AA1-8135-007E04F29885}.Release|x86.Build.0 = Release|Any CPU
		{76F6A171-B139-4A0D-A707-F72A894D35A4}.Debug|Any CPU.ActiveCfg = Debug|Any CPU
		{76F6A171-B139-4A0D-A707-F72A894D35A4}.Debug|Any CPU.Build.0 = Debug|Any CPU
		{76F6A171-B139-4A0D-A707-F72A894D35A4}.Debug|x64.ActiveCfg = Debug|Any CPU
		{76F6A171-B139-4A0D-A707-F72A894D35A4}.Debug|x64.Build.0 = Debug|Any CPU
		{76F6A171-B139-4A0D-A707-F72A894D35A4}.Debug|x86.ActiveCfg = Debug|Any CPU
		{76F6A171-B139-4A0D-A707-F72A894D35A4}.Debug|x86.Build.0 = Debug|Any CPU
		{76F6A171-B139-4A0D-A707-F72A894D35A4}.Release|Any CPU.ActiveCfg = Release|Any CPU
		{76F6A171-B139-4A0D-A707-F72A894D35A4}.Release|Any CPU.Build.0 = Release|Any CPU
		{76F6A171-B139-4A0D-A707-F72A894D35A4}.Release|x64.ActiveCfg = Release|Any CPU
		{76F6A171-B139-4A0D-A707-F72A894D35A4}.Release|x64.Build.0 = Release|Any CPU
		{76F6A171-B139-4A0D-A707-F72A894D35A4}.Release|x86.ActiveCfg = Release|Any CPU
		{76F6A171-B139-4A0D-A707-F72A894D35A4}.Release|x86.Build.0 = Release|Any CPU
		{38B59EC7-C6C4-45FC-A772-1016328873FE}.Debug|Any CPU.ActiveCfg = Debug|Any CPU
		{38B59EC7-C6C4-45FC-A772-1016328873FE}.Debug|Any CPU.Build.0 = Debug|Any CPU
		{38B59EC7-C6C4-45FC-A772-1016328873FE}.Debug|x64.ActiveCfg = Debug|Any CPU
		{38B59EC7-C6C4-45FC-A772-1016328873FE}.Debug|x64.Build.0 = Debug|Any CPU
		{38B59EC7-C6C4-45FC-A772-1016328873FE}.Debug|x86.ActiveCfg = Debug|Any CPU
		{38B59EC7-C6C4-45FC-A772-1016328873FE}.Debug|x86.Build.0 = Debug|Any CPU
		{38B59EC7-C6C4-45FC-A772-1016328873FE}.Release|Any CPU.ActiveCfg = Release|Any CPU
		{38B59EC7-C6C4-45FC-A772-1016328873FE}.Release|Any CPU.Build.0 = Release|Any CPU
		{38B59EC7-C6C4-45FC-A772-1016328873FE}.Release|x64.ActiveCfg = Release|Any CPU
		{38B59EC7-C6C4-45FC-A772-1016328873FE}.Release|x64.Build.0 = Release|Any CPU
		{38B59EC7-C6C4-45FC-A772-1016328873FE}.Release|x86.ActiveCfg = Release|Any CPU
		{38B59EC7-C6C4-45FC-A772-1016328873FE}.Release|x86.Build.0 = Release|Any CPU
		{0B12B547-E277-4FD7-AEFE-FAA75A7D8090}.Debug|Any CPU.ActiveCfg = Debug|Any CPU
		{0B12B547-E277-4FD7-AEFE-FAA75A7D8090}.Debug|Any CPU.Build.0 = Debug|Any CPU
		{0B12B547-E277-4FD7-AEFE-FAA75A7D8090}.Debug|x64.ActiveCfg = Debug|Any CPU
		{0B12B547-E277-4FD7-AEFE-FAA75A7D8090}.Debug|x64.Build.0 = Debug|Any CPU
		{0B12B547-E277-4FD7-AEFE-FAA75A7D8090}.Debug|x86.ActiveCfg = Debug|Any CPU
		{0B12B547-E277-4FD7-AEFE-FAA75A7D8090}.Debug|x86.Build.0 = Debug|Any CPU
		{0B12B547-E277-4FD7-AEFE-FAA75A7D8090}.Release|Any CPU.ActiveCfg = Release|Any CPU
		{0B12B547-E277-4FD7-AEFE-FAA75A7D8090}.Release|Any CPU.Build.0 = Release|Any CPU
		{0B12B547-E277-4FD7-AEFE-FAA75A7D8090}.Release|x64.ActiveCfg = Release|Any CPU
		{0B12B547-E277-4FD7-AEFE-FAA75A7D8090}.Release|x64.Build.0 = Release|Any CPU
		{0B12B547-E277-4FD7-AEFE-FAA75A7D8090}.Release|x86.ActiveCfg = Release|Any CPU
		{0B12B547-E277-4FD7-AEFE-FAA75A7D8090}.Release|x86.Build.0 = Release|Any CPU
		{C4E94827-BAD1-4237-9B67-95D5B2619BB1}.Debug|Any CPU.ActiveCfg = Debug|Any CPU
		{C4E94827-BAD1-4237-9B67-95D5B2619BB1}.Debug|Any CPU.Build.0 = Debug|Any CPU
		{C4E94827-BAD1-4237-9B67-95D5B2619BB1}.Debug|x64.ActiveCfg = Debug|Any CPU
		{C4E94827-BAD1-4237-9B67-95D5B2619BB1}.Debug|x64.Build.0 = Debug|Any CPU
		{C4E94827-BAD1-4237-9B67-95D5B2619BB1}.Debug|x86.ActiveCfg = Debug|Any CPU
		{C4E94827-BAD1-4237-9B67-95D5B2619BB1}.Debug|x86.Build.0 = Debug|Any CPU
		{C4E94827-BAD1-4237-9B67-95D5B2619BB1}.Release|Any CPU.ActiveCfg = Release|Any CPU
		{C4E94827-BAD1-4237-9B67-95D5B2619BB1}.Release|Any CPU.Build.0 = Release|Any CPU
		{C4E94827-BAD1-4237-9B67-95D5B2619BB1}.Release|x64.ActiveCfg = Release|Any CPU
		{C4E94827-BAD1-4237-9B67-95D5B2619BB1}.Release|x64.Build.0 = Release|Any CPU
		{C4E94827-BAD1-4237-9B67-95D5B2619BB1}.Release|x86.ActiveCfg = Release|Any CPU
		{C4E94827-BAD1-4237-9B67-95D5B2619BB1}.Release|x86.Build.0 = Release|Any CPU
		{19F3ABBE-BAC1-4537-87D8-7CFEB99EE41F}.Debug|Any CPU.ActiveCfg = Debug|Any CPU
		{19F3ABBE-BAC1-4537-87D8-7CFEB99EE41F}.Debug|Any CPU.Build.0 = Debug|Any CPU
		{19F3ABBE-BAC1-4537-87D8-7CFEB99EE41F}.Debug|x64.ActiveCfg = Debug|Any CPU
		{19F3ABBE-BAC1-4537-87D8-7CFEB99EE41F}.Debug|x64.Build.0 = Debug|Any CPU
		{19F3ABBE-BAC1-4537-87D8-7CFEB99EE41F}.Debug|x86.ActiveCfg = Debug|Any CPU
		{19F3ABBE-BAC1-4537-87D8-7CFEB99EE41F}.Debug|x86.Build.0 = Debug|Any CPU
		{19F3ABBE-BAC1-4537-87D8-7CFEB99EE41F}.Release|Any CPU.ActiveCfg = Release|Any CPU
		{19F3ABBE-BAC1-4537-87D8-7CFEB99EE41F}.Release|Any CPU.Build.0 = Release|Any CPU
		{19F3ABBE-BAC1-4537-87D8-7CFEB99EE41F}.Release|x64.ActiveCfg = Release|Any CPU
		{19F3ABBE-BAC1-4537-87D8-7CFEB99EE41F}.Release|x64.Build.0 = Release|Any CPU
		{19F3ABBE-BAC1-4537-87D8-7CFEB99EE41F}.Release|x86.ActiveCfg = Release|Any CPU
		{19F3ABBE-BAC1-4537-87D8-7CFEB99EE41F}.Release|x86.Build.0 = Release|Any CPU
		{1CA2C5EE-702D-4C87-B800-D9B14E925B10}.Debug|Any CPU.ActiveCfg = Debug|Any CPU
		{1CA2C5EE-702D-4C87-B800-D9B14E925B10}.Debug|Any CPU.Build.0 = Debug|Any CPU
		{1CA2C5EE-702D-4C87-B800-D9B14E925B10}.Debug|x64.ActiveCfg = Debug|Any CPU
		{1CA2C5EE-702D-4C87-B800-D9B14E925B10}.Debug|x64.Build.0 = Debug|Any CPU
		{1CA2C5EE-702D-4C87-B800-D9B14E925B10}.Debug|x86.ActiveCfg = Debug|Any CPU
		{1CA2C5EE-702D-4C87-B800-D9B14E925B10}.Debug|x86.Build.0 = Debug|Any CPU
		{1CA2C5EE-702D-4C87-B800-D9B14E925B10}.Release|Any CPU.ActiveCfg = Release|Any CPU
		{1CA2C5EE-702D-4C87-B800-D9B14E925B10}.Release|Any CPU.Build.0 = Release|Any CPU
		{1CA2C5EE-702D-4C87-B800-D9B14E925B10}.Release|x64.ActiveCfg = Release|Any CPU
		{1CA2C5EE-702D-4C87-B800-D9B14E925B10}.Release|x64.Build.0 = Release|Any CPU
		{1CA2C5EE-702D-4C87-B800-D9B14E925B10}.Release|x86.ActiveCfg = Release|Any CPU
		{1CA2C5EE-702D-4C87-B800-D9B14E925B10}.Release|x86.Build.0 = Release|Any CPU
	EndGlobalSection
	GlobalSection(NestedProjects) = preSolution
		{5E256D97-FCA3-432E-B371-883E794B3FF1} = {7C34B81E-EE74-4B48-9793-A16AC74D2FCF}
		{F85F188B-8066-404F-8B0F-C5676141859E} = {F08CD987-67E6-4CE8-82FD-5B730D57C2A5}
		{67E75E5E-62A0-47BB-A60E-1E8827097B56} = {2DAAED95-B7AB-4279-B2CC-4E59E332B35E}
		{B89F3C6F-ADAA-4AA1-8135-007E04F29885} = {7B427CC5-58E5-4948-9FEC-6275780CF7EA}
		{76F6A171-B139-4A0D-A707-F72A894D35A4} = {2DAAED95-B7AB-4279-B2CC-4E59E332B35E}
		{38B59EC7-C6C4-45FC-A772-1016328873FE} = {7B427CC5-58E5-4948-9FEC-6275780CF7EA}
		{0B12B547-E277-4FD7-AEFE-FAA75A7D8090} = {7B427CC5-58E5-4948-9FEC-6275780CF7EA}
		{C4E94827-BAD1-4237-9B67-95D5B2619BB1} = {F08CD987-67E6-4CE8-82FD-5B730D57C2A5}
		{19F3ABBE-BAC1-4537-87D8-7CFEB99EE41F} = {F08CD987-67E6-4CE8-82FD-5B730D57C2A5}
		{1CA2C5EE-702D-4C87-B800-D9B14E925B10} = {7B427CC5-58E5-4948-9FEC-6275780CF7EA}
	EndGlobalSection
EndGlobal
